
Microsoft Visual Studio Solution File, Format Version 12.00
# Visual Studio Version 17
VisualStudioVersion = 17.12.35527.113
MinimumVisualStudioVersion = 10.0.40219.1
Project("{FAE04EC0-301F-11D3-BF4B-00C04F79EFBC}") = "Lab2_LeThanhLong_CSE422", "Lab2_LeThanhLong_CSE422\Lab2_LeThanhLong_CSE422.csproj", "{1622AA46-CA2D-473A-B276-C0E89680D3AA}"
EndProject
Global
	GlobalSection(SolutionConfigurationPlatforms) = preSolution
		Debug|Any CPU = Debug|Any CPU
		Release|Any CPU = Release|Any CPU
	EndGlobalSection
	GlobalSection(ProjectConfigurationPlatforms) = postSolution
		{1622AA46-CA2D-473A-B276-C0E89680D3AA}.Debug|Any CPU.ActiveCfg = Debug|Any CPU
		{1622AA46-CA2D-473A-B276-C0E89680D3AA}.Debug|Any CPU.Build.0 = Debug|Any CPU
		{1622AA46-CA2D-473A-B276-C0E89680D3AA}.Release|Any CPU.ActiveCfg = Release|Any CPU
		{1622AA46-CA2D-473A-B276-C0E89680D3AA}.Release|Any CPU.Build.0 = Release|Any CPU
	EndGlobalSection
	GlobalSection(SolutionProperties) = preSolution
		HideSolutionNode = FALSE
	EndGlobalSection
EndGlobal
